// !$*UTF8*$!
{
	archiveVersion = 1;
	classes = {
	};
	objectVersion = 46;
	objects = {

/* Begin PBXBuildFile section */
		3F4063671A15D757009F055B /* AppDelegate.swift in Sources */ = {isa = PBXBuildFile; fileRef = 3F4063661A15D757009F055B /* AppDelegate.swift */; };
		3F4063691A15D757009F055B /* ViewController.swift in Sources */ = {isa = PBXBuildFile; fileRef = 3F4063681A15D757009F055B /* ViewController.swift */; };
		3F40636C1A15D757009F055B /* Main.storyboard in Resources */ = {isa = PBXBuildFile; fileRef = 3F40636A1A15D757009F055B /* Main.storyboard */; };
		3F40636E1A15D757009F055B /* Images.xcassets in Resources */ = {isa = PBXBuildFile; fileRef = 3F40636D1A15D757009F055B /* Images.xcassets */; };
		3F4063711A15D757009F055B /* LaunchScreen.xib in Resources */ = {isa = PBXBuildFile; fileRef = 3F40636F1A15D757009F055B /* LaunchScreen.xib */; };
		3F40637D1A15D757009F055B /* AnimationTests.swift in Sources */ = {isa = PBXBuildFile; fileRef = 3F40637C1A15D757009F055B /* AnimationTests.swift */; };
		3F4063901A15DFBD009F055B /* 10.png in Resources */ = {isa = PBXBuildFile; fileRef = 3F4063861A15DFBC009F055B /* 10.png */; };
		3F4063911A15DFBD009F055B /* 140.jpg in Resources */ = {isa = PBXBuildFile; fileRef = 3F4063871A15DFBC009F055B /* 140.jpg */; };
		3F4063921A15DFBD009F055B /* 2006.jpg in Resources */ = {isa = PBXBuildFile; fileRef = 3F4063881A15DFBC009F055B /* 2006.jpg */; };
		3F4063931A15DFBD009F055B /* BLL-4-.png in Resources */ = {isa = PBXBuildFile; fileRef = 3F4063891A15DFBD009F055B /* BLL-4-.png */; };
		3F4063941A15DFBD009F055B /* images copy.jpg in Resources */ = {isa = PBXBuildFile; fileRef = 3F40638A1A15DFBD009F055B /* images copy.jpg */; };
		3F4063951A15DFBD009F055B /* images.jpg in Resources */ = {isa = PBXBuildFile; fileRef = 3F40638B1A15DFBD009F055B /* images.jpg */; };
		3F4063961A15DFBD009F055B /* MOLTENFOOTBALLFVA5000A020130914235920.png in Resources */ = {isa = PBXBuildFile; fileRef = 3F40638C1A15DFBD009F055B /* MOLTENFOOTBALLFVA5000A020130914235920.png */; };
		3F4063971A15DFBD009F055B /* MOLTENFOOTBALLVG470020130915012926.png in Resources */ = {isa = PBXBuildFile; fileRef = 3F40638D1A15DFBD009F055B /* MOLTENFOOTBALLVG470020130915012926.png */; };
		3F4063981A15DFBD009F055B /* Multicolored_Inflatable_beach_ball.jpg_220x220.jpg in Resources */ = {isa = PBXBuildFile; fileRef = 3F40638E1A15DFBD009F055B /* Multicolored_Inflatable_beach_ball.jpg_220x220.jpg */; };
		3F4063991A15DFBD009F055B /* rome_finale_ball_1.jpg in Resources */ = {isa = PBXBuildFile; fileRef = 3F40638F1A15DFBD009F055B /* rome_finale_ball_1.jpg */; };
/* End PBXBuildFile section */

/* Begin PBXContainerItemProxy section */
		3F4063771A15D757009F055B /* PBXContainerItemProxy */ = {
			isa = PBXContainerItemProxy;
			containerPortal = 3F4063591A15D757009F055B /* Project object */;
			proxyType = 1;
			remoteGlobalIDString = 3F4063601A15D757009F055B;
			remoteInfo = Animation;
		};
/* End PBXContainerItemProxy section */

/* Begin PBXFileReference section */
		3F4063611A15D757009F055B /* Animation.app */ = {isa = PBXFileReference; explicitFileType = wrapper.application; includeInIndex = 0; path = Animation.app; sourceTree = BUILT_PRODUCTS_DIR; };
		3F4063651A15D757009F055B /* Info.plist */ = {isa = PBXFileReference; lastKnownFileType = text.plist.xml; path = Info.plist; sourceTree = "<group>"; };
		3F4063661A15D757009F055B /* AppDelegate.swift */ = {isa = PBXFileReference; lastKnownFileType = sourcecode.swift; path = AppDelegate.swift; sourceTree = "<group>"; };
		3F4063681A15D757009F055B /* ViewController.swift */ = {isa = PBXFileReference; lastKnownFileType = sourcecode.swift; path = ViewController.swift; sourceTree = "<group>"; };
		3F40636B1A15D757009F055B /* Base */ = {isa = PBXFileReference; lastKnownFileType = file.storyboard; name = Base; path = Base.lproj/Main.storyboard; sourceTree = "<group>"; };
		3F40636D1A15D757009F055B /* Images.xcassets */ = {isa = PBXFileReference; lastKnownFileType = folder.assetcatalog; path = Images.xcassets; sourceTree = "<group>"; };
		3F4063701A15D757009F055B /* Base */ = {isa = PBXFileReference; lastKnownFileType = file.xib; name = Base; path = Base.lproj/LaunchScreen.xib; sourceTree = "<group>"; };
		3F4063761A15D757009F055B /* AnimationTests.xctest */ = {isa = PBXFileReference; explicitFileType = wrapper.cfbundle; includeInIndex = 0; path = AnimationTests.xctest; sourceTree = BUILT_PRODUCTS_DIR; };
		3F40637B1A15D757009F055B /* Info.plist */ = {isa = PBXFileReference; lastKnownFileType = text.plist.xml; path = Info.plist; sourceTree = "<group>"; };
		3F40637C1A15D757009F055B /* AnimationTests.swift */ = {isa = PBXFileReference; lastKnownFileType = sourcecode.swift; path = AnimationTests.swift; sourceTree = "<group>"; };
		3F4063861A15DFBC009F055B /* 10.png */ = {isa = PBXFileReference; lastKnownFileType = image.png; path = 10.png; sourceTree = "<group>"; };
		3F4063871A15DFBC009F055B /* 140.jpg */ = {isa = PBXFileReference; lastKnownFileType = image.jpeg; path = 140.jpg; sourceTree = "<group>"; };
		3F4063881A15DFBC009F055B /* 2006.jpg */ = {isa = PBXFileReference; lastKnownFileType = image.jpeg; path = 2006.jpg; sourceTree = "<group>"; };
		3F4063891A15DFBD009F055B /* BLL-4-.png */ = {isa = PBXFileReference; lastKnownFileType = image.png; path = "BLL-4-.png"; sourceTree = "<group>"; };
		3F40638A1A15DFBD009F055B /* images copy.jpg */ = {isa = PBXFileReference; lastKnownFileType = image.jpeg; path = "images copy.jpg"; sourceTree = "<group>"; };
		3F40638B1A15DFBD009F055B /* images.jpg */ = {isa = PBXFileReference; lastKnownFileType = image.jpeg; path = images.jpg; sourceTree = "<group>"; };
		3F40638C1A15DFBD009F055B /* MOLTENFOOTBALLFVA5000A020130914235920.png */ = {isa = PBXFileReference; lastKnownFileType = image.png; path = MOLTENFOOTBALLFVA5000A020130914235920.png; sourceTree = "<group>"; };
		3F40638D1A15DFBD009F055B /* MOLTENFOOTBALLVG470020130915012926.png */ = {isa = PBXFileReference; lastKnownFileType = image.png; path = MOLTENFOOTBALLVG470020130915012926.png; sourceTree = "<group>"; };
		3F40638E1A15DFBD009F055B /* Multicolored_Inflatable_beach_ball.jpg_220x220.jpg */ = {isa = PBXFileReference; lastKnownFileType = image.jpeg; path = Multicolored_Inflatable_beach_ball.jpg_220x220.jpg; sourceTree = "<group>"; };
		3F40638F1A15DFBD009F055B /* rome_finale_ball_1.jpg */ = {isa = PBXFileReference; lastKnownFileType = image.jpeg; path = rome_finale_ball_1.jpg; sourceTree = "<group>"; };
/* End PBXFileReference section */

/* Begin PBXFrameworksBuildPhase section */
		3F40635E1A15D757009F055B /* Frameworks */ = {
			isa = PBXFrameworksBuildPhase;
			buildActionMask = 2147483647;
			files = (
			);
			runOnlyForDeploymentPostprocessing = 0;
		};
		3F4063731A15D757009F055B /* Frameworks */ = {
			isa = PBXFrameworksBuildPhase;
			buildActionMask = 2147483647;
			files = (
			);
			runOnlyForDeploymentPostprocessing = 0;
		};
/* End PBXFrameworksBuildPhase section */

/* Begin PBXGroup section */
		3F4063581A15D757009F055B = {
			isa = PBXGroup;
			children = (
				3F4063631A15D757009F055B /* Animation */,
				3F4063791A15D757009F055B /* AnimationTests */,
				3F4063621A15D757009F055B /* Products */,
			);
			sourceTree = "<group>";
		};
		3F4063621A15D757009F055B /* Products */ = {
			isa = PBXGroup;
			children = (
				3F4063611A15D757009F055B /* Animation.app */,
				3F4063761A15D757009F055B /* AnimationTests.xctest */,
			);
			name = Products;
			sourceTree = "<group>";
		};
		3F4063631A15D757009F055B /* Animation */ = {
			isa = PBXGroup;
			children = (
				3F4063661A15D757009F055B /* AppDelegate.swift */,
				3F4063681A15D757009F055B /* ViewController.swift */,
				3F40636A1A15D757009F055B /* Main.storyboard */,
				3F40636D1A15D757009F055B /* Images.xcassets */,
				3F40636F1A15D757009F055B /* LaunchScreen.xib */,
				3F4063641A15D757009F055B /* Supporting Files */,
			);
			path = Animation;
			sourceTree = "<group>";
		};
		3F4063641A15D757009F055B /* Supporting Files */ = {
			isa = PBXGroup;
			children = (
				3F4063861A15DFBC009F055B /* 10.png */,
				3F4063871A15DFBC009F055B /* 140.jpg */,
				3F4063881A15DFBC009F055B /* 2006.jpg */,
				3F4063891A15DFBD009F055B /* BLL-4-.png */,
				3F40638A1A15DFBD009F055B /* images copy.jpg */,
				3F40638B1A15DFBD009F055B /* images.jpg */,
				3F40638C1A15DFBD009F055B /* MOLTENFOOTBALLFVA5000A020130914235920.png */,
				3F40638D1A15DFBD009F055B /* MOLTENFOOTBALLVG470020130915012926.png */,
				3F40638E1A15DFBD009F055B /* Multicolored_Inflatable_beach_ball.jpg_220x220.jpg */,
				3F40638F1A15DFBD009F055B /* rome_finale_ball_1.jpg */,
				3F4063651A15D757009F055B /* Info.plist */,
			);
			name = "Supporting Files";
			sourceTree = "<group>";
		};
		3F4063791A15D757009F055B /* AnimationTests */ = {
			isa = PBXGroup;
			children = (
				3F40637C1A15D757009F055B /* AnimationTests.swift */,
				3F40637A1A15D757009F055B /* Supporting Files */,
			);
			path = AnimationTests;
			sourceTree = "<group>";
		};
		3F40637A1A15D757009F055B /* Supporting Files */ = {
			isa = PBXGroup;
			children = (
				3F40637B1A15D757009F055B /* Info.plist */,
			);
			name = "Supporting Files";
			sourceTree = "<group>";
		};
/* End PBXGroup section */

/* Begin PBXNativeTarget section */
		3F4063601A15D757009F055B /* Animation */ = {
			isa = PBXNativeTarget;
			buildConfigurationList = 3F4063801A15D757009F055B /* Build configuration list for PBXNativeTarget "Animation" */;
			buildPhases = (
				3F40635D1A15D757009F055B /* Sources */,
				3F40635E1A15D757009F055B /* Frameworks */,
				3F40635F1A15D757009F055B /* Resources */,
			);
			buildRules = (
			);
			dependencies = (
			);
			name = Animation;
			productName = Animation;
			productReference = 3F4063611A15D757009F055B /* Animation.app */;
			productType = "com.apple.product-type.application";
		};
		3F4063751A15D757009F055B /* AnimationTests */ = {
			isa = PBXNativeTarget;
			buildConfigurationList = 3F4063831A15D757009F055B /* Build configuration list for PBXNativeTarget "AnimationTests" */;
			buildPhases = (
				3F4063721A15D757009F055B /* Sources */,
				3F4063731A15D757009F055B /* Frameworks */,
				3F4063741A15D757009F055B /* Resources */,
			);
			buildRules = (
			);
			dependencies = (
				3F4063781A15D757009F055B /* PBXTargetDependency */,
			);
			name = AnimationTests;
			productName = AnimationTests;
			productReference = 3F4063761A15D757009F055B /* AnimationTests.xctest */;
			productType = "com.apple.product-type.bundle.unit-test";
		};
/* End PBXNativeTarget section */

/* Begin PBXProject section */
		3F4063591A15D757009F055B /* Project object */ = {
			isa = PBXProject;
			attributes = {
				LastUpgradeCheck = 0600;
				ORGANIZATIONNAME = student;
				TargetAttributes = {
					3F4063601A15D757009F055B = {
						CreatedOnToolsVersion = 6.0;
					};
					3F4063751A15D757009F055B = {
						CreatedOnToolsVersion = 6.0;
						TestTargetID = 3F4063601A15D757009F055B;
					};
				};
			};
			buildConfigurationList = 3F40635C1A15D757009F055B /* Build configuration list for PBXProject "Animation" */;
			compatibilityVersion = "Xcode 3.2";
			developmentRegion = English;
			hasScannedForEncodings = 0;
			knownRegions = (
				en,
				Base,
			);
			mainGroup = 3F4063581A15D757009F055B;
			productRefGroup = 3F4063621A15D757009F055B /* Products */;
			projectDirPath = "";
			projectRoot = "";
			targets = (
				3F4063601A15D757009F055B /* Animation */,
				3F4063751A15D757009F055B /* AnimationTests */,
			);
		};
/* End PBXProject section */

/* Begin PBXResourcesBuildPhase section */
		3F40635F1A15D757009F055B /* Resources */ = {
			isa = PBXResourcesBuildPhase;
			buildActionMask = 2147483647;
			files = (
				3F40636C1A15D757009F055B /* Main.storyboard in Resources */,
				3F4063971A15DFBD009F055B /* MOLTENFOOTBALLVG470020130915012926.png in Resources */,
				3F4063991A15DFBD009F055B /* rome_finale_ball_1.jpg in Resources */,
				3F4063711A15D757009F055B /* LaunchScreen.xib in Resources */,
				3F4063981A15DFBD009F055B /* Multicolored_Inflatable_beach_ball.jpg_220x220.jpg in Resources */,
				3F4063901A15DFBD009F055B /* 10.png in Resources */,
				3F4063911A15DFBD009F055B /* 140.jpg in Resources */,
				3F4063961A15DFBD009F055B /* MOLTENFOOTBALLFVA5000A020130914235920.png in Resources */,
				3F40636E1A15D757009F055B /* Images.xcassets in Resources */,
				3F4063951A15DFBD009F055B /* images.jpg in Resources */,
				3F4063931A15DFBD009F055B /* BLL-4-.png in Resources */,
				3F4063921A15DFBD009F055B /* 2006.jpg in Resources */,
				3F4063941A15DFBD009F055B /* images copy.jpg in Resources */,
			);
			runOnlyForDeploymentPostprocessing = 0;
		};
		3F4063741A15D757009F055B /* Resources */ = {
			isa = PBXResourcesBuildPhase;
			buildActionMask = 2147483647;
			files = (
			);
			runOnlyForDeploymentPostprocessing = 0;
		};
/* End PBXResourcesBuildPhase section */

/* Begin PBXSourcesBuildPhase section */
		3F40635D1A15D757009F055B /* Sources */ = {
			isa = PBXSourcesBuildPhase;
			buildActionMask = 2147483647;
			files = (
				3F4063691A15D757009F055B /* ViewController.swift in Sources */,
				3F4063671A15D757009F055B /* AppDelegate.swift in Sources */,
			);
			runOnlyForDeploymentPostprocessing = 0;
		};
		3F4063721A15D757009F055B /* Sources */ = {
			isa = PBXSourcesBuildPhase;
			buildActionMask = 2147483647;
			files = (
				3F40637D1A15D757009F055B /* AnimationTests.swift in Sources */,
			);
			runOnlyForDeploymentPostprocessing = 0;
		};
/* End PBXSourcesBuildPhase section */

/* Begin PBXTargetDependency section */
		3F4063781A15D757009F055B /* PBXTargetDependency */ = {
			isa = PBXTargetDependency;
			target = 3F4063601A15D757009F055B /* Animation */;
			targetProxy = 3F4063771A15D757009F055B /* PBXContainerItemProxy */;
		};
/* End PBXTargetDependency section */

/* Begin PBXVariantGroup section */
		3F40636A1A15D757009F055B /* Main.storyboard */ = {
			isa = PBXVariantGroup;
			children = (
				3F40636B1A15D757009F055B /* Base */,
			);
			name = Main.storyboard;
			sourceTree = "<group>";
		};
		3F40636F1A15D757009F055B /* LaunchScreen.xib */ = {
			isa = PBXVariantGroup;
			children = (
				3F4063701A15D757009F055B /* Base */,
			);
			name = LaunchScreen.xib;
			sourceTree = "<group>";
		};
/* End PBXVariantGroup section */

/* Begin XCBuildConfiguration section */
		3F40637E1A15D757009F055B /* Debug */ = {
			isa = XCBuildConfiguration;
			buildSettings = {
				ALWAYS_SEARCH_USER_PATHS = NO;
				CLANG_CXX_LANGUAGE_STANDARD = "gnu++0x";
				CLANG_CXX_LIBRARY = "libc++";
				CLANG_ENABLE_MODULES = YES;
				CLANG_ENABLE_OBJC_ARC = YES;
				CLANG_WARN_BOOL_CONVERSION = YES;
				CLANG_WARN_CONSTANT_CONVERSION = YES;
				CLANG_WARN_DIRECT_OBJC_ISA_USAGE = YES_ERROR;
				CLANG_WARN_EMPTY_BODY = YES;
				CLANG_WARN_ENUM_CONVERSION = YES;
				CLANG_WARN_INT_CONVERSION = YES;
				CLANG_WARN_OBJC_ROOT_CLASS = YES_ERROR;
				CLANG_WARN_UNREACHABLE_CODE = YES;
				CLANG_WARN__DUPLICATE_METHOD_MATCH = YES;
				"CODE_SIGN_IDENTITY[sdk=iphoneos*]" = "iPhone Developer";
				COPY_PHASE_STRIP = NO;
				ENABLE_STRICT_OBJC_MSGSEND = YES;
				GCC_C_LANGUAGE_STANDARD = gnu99;
				GCC_DYNAMIC_NO_PIC = NO;
				GCC_OPTIMIZATION_LEVEL = 0;
				GCC_PREPROCESSOR_DEFINITIONS = (
					"DEBUG=1",
					"$(inherited)",
				);
				GCC_SYMBOLS_PRIVATE_EXTERN = NO;
				GCC_WARN_64_TO_32_BIT_CONVERSION = YES;
				GCC_WARN_ABOUT_RETURN_TYPE = YES_ERROR;
				GCC_WARN_UNDECLARED_SELECTOR = YES;
				GCC_WARN_UNINITIALIZED_AUTOS = YES_AGGRESSIVE;
				GCC_WARN_UNUSED_FUNCTION = YES;
				GCC_WARN_UNUSED_VARIABLE = YES;
				IPHONEOS_DEPLOYMENT_TARGET = 8.0;
				MTL_ENABLE_DEBUG_INFO = YES;
				ONLY_ACTIVE_ARCH = YES;
				SDKROOT = iphoneos;
				SWIFT_OPTIMIZATION_LEVEL = "-Onone";
			};
			name = Debug;
		};
		3F40637F1A15D757009F055B /* Release */ = {
			isa = XCBuildConfiguration;
			buildSettings = {
				ALWAYS_SEARCH_USER_PATHS = NO;
				CLANG_CXX_LANGUAGE_STANDARD = "gnu++0x";
				CLANG_CXX_LIBRARY = "libc++";
				CLANG_ENABLE_MODULES = YES;
				CLANG_ENABLE_OBJC_ARC = YES;
				CLANG_WARN_BOOL_CONVERSION = YES;
				CLANG_WARN_CONSTANT_CONVERSION = YES;
				CLANG_WARN_DIRECT_OBJC_ISA_USAGE = YES_ERROR;
				CLANG_WARN_EMPTY_BODY = YES;
				CLANG_WARN_ENUM_CONVERSION = YES;
				CLANG_WARN_INT_CONVERSION = YES;
				CLANG_WARN_OBJC_ROOT_CLASS = YES_ERROR;
				CLANG_WARN_UNREACHABLE_CODE = YES;
				CLANG_WARN__DUPLICATE_METHOD_MATCH = YES;
				"CODE_SIGN_IDENTITY[sdk=iphoneos*]" = "iPhone Developer";
				COPY_PHASE_STRIP = YES;
				ENABLE_NS_ASSERTIONS = NO;
				ENABLE_STRICT_OBJC_MSGSEND = YES;
				GCC_C_LANGUAGE_STANDARD = gnu99;
				GCC_WARN_64_TO_32_BIT_CONVERSION = YES;
				GCC_WARN_ABOUT_RETURN_TYPE = YES_ERROR;
				GCC_WARN_UNDECLARED_SELECTOR = YES;
				GCC_WARN_UNINITIALIZED_AUTOS = YES_AGGRESSIVE;
				GCC_WARN_UNUSED_FUNCTION = YES;
				GCC_WARN_UNUSED_VARIABLE = YES;
				IPHONEOS_DEPLOYMENT_TARGET = 8.0;
				MTL_ENABLE_DEBUG_INFO = NO;
				SDKROOT = iphoneos;
				VALIDATE_PRODUCT = YES;
			};
			name = Release;
		};
		3F4063811A15D757009F055B /* Debug */ = {
			isa = XCBuildConfiguration;
			buildSettings = {
				ASSETCATALOG_COMPILER_APPICON_NAME = AppIcon;
				INFOPLIST_FILE = Animation/Info.plist;
				LD_RUNPATH_SEARCH_PATHS = "$(inherited) @executable_path/Frameworks";
				PRODUCT_NAME = "$(TARGET_NAME)";
			};
			name = Debug;
		};
		3F4063821A15D757009F055B /* Release */ = {
			isa = XCBuildConfiguration;
			buildSettings = {
				ASSETCATALOG_COMPILER_APPICON_NAME = AppIcon;
				INFOPLIST_FILE = Animation/Info.plist;
				LD_RUNPATH_SEARCH_PATHS = "$(inherited) @executable_path/Frameworks";
				PRODUCT_NAME = "$(TARGET_NAME)";
			};
			name = Release;
		};
		3F4063841A15D757009F055B /* Debug */ = {
			isa = XCBuildConfiguration;
			buildSettings = {
				BUNDLE_LOADER = "$(TEST_HOST)";
				FRAMEWORK_SEARCH_PATHS = (
					"$(SDKROOT)/Developer/Library/Frameworks",
					"$(inherited)",
				);
				GCC_PREPROCESSOR_DEFINITIONS = (
					"DEBUG=1",
					"$(inherited)",
				);
				INFOPLIST_FILE = AnimationTests/Info.plist;
				LD_RUNPATH_SEARCH_PATHS = "$(inherited) @executable_path/Frameworks @loader_path/Frameworks";
				PRODUCT_NAME = "$(TARGET_NAME)";
				TEST_HOST = "$(BUILT_PRODUCTS_DIR)/Animation.app/Animation";
			};
			name = Debug;
		};
		3F4063851A15D757009F055B /* Release */ = {
			isa = XCBuildConfiguration;
			buildSettings = {
				BUNDLE_LOADER = "$(TEST_HOST)";
				FRAMEWORK_SEARCH_PATHS = (
					"$(SDKROOT)/Developer/Library/Frameworks",
					"$(inherited)",
				);
				INFOPLIST_FILE = AnimationTests/Info.plist;
				LD_RUNPATH_SEARCH_PATHS = "$(inherited) @executable_path/Frameworks @loader_path/Frameworks";
				PRODUCT_NAME = "$(TARGET_NAME)";
				TEST_HOST = "$(BUILT_PRODUCTS_DIR)/Animation.app/Animation";
			};
			name = Release;
		};
/* End XCBuildConfiguration section */

/* Begin XCConfigurationList section */
		3F40635C1A15D757009F055B /* Build configuration list for PBXProject "Animation" */ = {
			isa = XCConfigurationList;
			buildConfigurations = (
				3F40637E1A15D757009F055B /* Debug */,
				3F40637F1A15D757009F055B /* Release */,
			);
			defaultConfigurationIsVisible = 0;
			defaultConfigurationName = Release;
		};
		3F4063801A15D757009F055B /* Build configuration list for PBXNativeTarget "Animation" */ = {
			isa = XCConfigurationList;
			buildConfigurations = (
				3F4063811A15D757009F055B /* Debug */,
				3F4063821A15D757009F055B /* Release */,
			);
			defaultConfigurationIsVisible = 0;
		};
		3F4063831A15D757009F055B /* Build configuration list for PBXNativeTarget "AnimationTests" */ = {
			isa = XCConfigurationList;
			buildConfigurations = (
				3F4063841A15D757009F055B /* Debug */,
				3F4063851A15D757009F055B /* Release */,
			);
			defaultConfigurationIsVisible = 0;
		};
/* End XCConfigurationList section */
	};
	rootObject = 3F4063591A15D757009F055B /* Project object */;
}
