// !$*UTF8*$!
{
	archiveVersion = 1;
	classes = {
	};
	objectVersion = 46;
	objects = {

/* Begin PBXBuildFile section */
		3F5D63A81A0CA15800454947 /* AppDelegate.swift in Sources */ = {isa = PBXBuildFile; fileRef = 3F5D63A71A0CA15800454947 /* AppDelegate.swift */; };
		3F5D63AB1A0CA15800454947 /* UIKitAnimation.xcdatamodeld in Sources */ = {isa = PBXBuildFile; fileRef = 3F5D63A91A0CA15800454947 /* UIKitAnimation.xcdatamodeld */; };
		3F5D63AD1A0CA15800454947 /* ViewController.swift in Sources */ = {isa = PBXBuildFile; fileRef = 3F5D63AC1A0CA15800454947 /* ViewController.swift */; };
		3F5D63B01A0CA15800454947 /* Main.storyboard in Resources */ = {isa = PBXBuildFile; fileRef = 3F5D63AE1A0CA15800454947 /* Main.storyboard */; };
		3F5D63B21A0CA15800454947 /* Images.xcassets in Resources */ = {isa = PBXBuildFile; fileRef = 3F5D63B11A0CA15800454947 /* Images.xcassets */; };
		3F5D63B51A0CA15800454947 /* LaunchScreen.xib in Resources */ = {isa = PBXBuildFile; fileRef = 3F5D63B31A0CA15800454947 /* LaunchScreen.xib */; };
		3F5D63C11A0CA15800454947 /* UIKitAnimationTests.swift in Sources */ = {isa = PBXBuildFile; fileRef = 3F5D63C01A0CA15800454947 /* UIKitAnimationTests.swift */; };
/* End PBXBuildFile section */

/* Begin PBXContainerItemProxy section */
		3F5D63BB1A0CA15800454947 /* PBXContainerItemProxy */ = {
			isa = PBXContainerItemProxy;
			containerPortal = 3F5D639A1A0CA15800454947 /* Project object */;
			proxyType = 1;
			remoteGlobalIDString = 3F5D63A11A0CA15800454947;
			remoteInfo = UIKitAnimation;
		};
/* End PBXContainerItemProxy section */

/* Begin PBXFileReference section */
		3F5D63A21A0CA15800454947 /* UIKitAnimation.app */ = {isa = PBXFileReference; explicitFileType = wrapper.application; includeInIndex = 0; path = UIKitAnimation.app; sourceTree = BUILT_PRODUCTS_DIR; };
		3F5D63A61A0CA15800454947 /* Info.plist */ = {isa = PBXFileReference; lastKnownFileType = text.plist.xml; path = Info.plist; sourceTree = "<group>"; };
		3F5D63A71A0CA15800454947 /* AppDelegate.swift */ = {isa = PBXFileReference; lastKnownFileType = sourcecode.swift; path = AppDelegate.swift; sourceTree = "<group>"; };
		3F5D63AA1A0CA15800454947 /* UIKitAnimation.xcdatamodel */ = {isa = PBXFileReference; lastKnownFileType = wrapper.xcdatamodel; path = UIKitAnimation.xcdatamodel; sourceTree = "<group>"; };
		3F5D63AC1A0CA15800454947 /* ViewController.swift */ = {isa = PBXFileReference; lastKnownFileType = sourcecode.swift; path = ViewController.swift; sourceTree = "<group>"; };
		3F5D63AF1A0CA15800454947 /* Base */ = {isa = PBXFileReference; lastKnownFileType = file.storyboard; name = Base; path = Base.lproj/Main.storyboard; sourceTree = "<group>"; };
		3F5D63B11A0CA15800454947 /* Images.xcassets */ = {isa = PBXFileReference; lastKnownFileType = folder.assetcatalog; path = Images.xcassets; sourceTree = "<group>"; };
		3F5D63B41A0CA15800454947 /* Base */ = {isa = PBXFileReference; lastKnownFileType = file.xib; name = Base; path = Base.lproj/LaunchScreen.xib; sourceTree = "<group>"; };
		3F5D63BA1A0CA15800454947 /* UIKitAnimationTests.xctest */ = {isa = PBXFileReference; explicitFileType = wrapper.cfbundle; includeInIndex = 0; path = UIKitAnimationTests.xctest; sourceTree = BUILT_PRODUCTS_DIR; };
		3F5D63BF1A0CA15800454947 /* Info.plist */ = {isa = PBXFileReference; lastKnownFileType = text.plist.xml; path = Info.plist; sourceTree = "<group>"; };
		3F5D63C01A0CA15800454947 /* UIKitAnimationTests.swift */ = {isa = PBXFileReference; lastKnownFileType = sourcecode.swift; path = UIKitAnimationTests.swift; sourceTree = "<group>"; };
/* End PBXFileReference section */

/* Begin PBXFrameworksBuildPhase section */
		3F5D639F1A0CA15800454947 /* Frameworks */ = {
			isa = PBXFrameworksBuildPhase;
			buildActionMask = 2147483647;
			files = (
			);
			runOnlyForDeploymentPostprocessing = 0;
		};
		3F5D63B71A0CA15800454947 /* Frameworks */ = {
			isa = PBXFrameworksBuildPhase;
			buildActionMask = 2147483647;
			files = (
			);
			runOnlyForDeploymentPostprocessing = 0;
		};
/* End PBXFrameworksBuildPhase section */

/* Begin PBXGroup section */
		3F5D63991A0CA15800454947 = {
			isa = PBXGroup;
			children = (
				3F5D63A41A0CA15800454947 /* UIKitAnimation */,
				3F5D63BD1A0CA15800454947 /* UIKitAnimationTests */,
				3F5D63A31A0CA15800454947 /* Products */,
			);
			sourceTree = "<group>";
		};
		3F5D63A31A0CA15800454947 /* Products */ = {
			isa = PBXGroup;
			children = (
				3F5D63A21A0CA15800454947 /* UIKitAnimation.app */,
				3F5D63BA1A0CA15800454947 /* UIKitAnimationTests.xctest */,
			);
			name = Products;
			sourceTree = "<group>";
		};
		3F5D63A41A0CA15800454947 /* UIKitAnimation */ = {
			isa = PBXGroup;
			children = (
				3F5D63A71A0CA15800454947 /* AppDelegate.swift */,
				3F5D63AC1A0CA15800454947 /* ViewController.swift */,
				3F5D63AE1A0CA15800454947 /* Main.storyboard */,
				3F5D63B11A0CA15800454947 /* Images.xcassets */,
				3F5D63B31A0CA15800454947 /* LaunchScreen.xib */,
				3F5D63A91A0CA15800454947 /* UIKitAnimation.xcdatamodeld */,
				3F5D63A51A0CA15800454947 /* Supporting Files */,
			);
			path = UIKitAnimation;
			sourceTree = "<group>";
		};
		3F5D63A51A0CA15800454947 /* Supporting Files */ = {
			isa = PBXGroup;
			children = (
				3F5D63A61A0CA15800454947 /* Info.plist */,
			);
			name = "Supporting Files";
			sourceTree = "<group>";
		};
		3F5D63BD1A0CA15800454947 /* UIKitAnimationTests */ = {
			isa = PBXGroup;
			children = (
				3F5D63C01A0CA15800454947 /* UIKitAnimationTests.swift */,
				3F5D63BE1A0CA15800454947 /* Supporting Files */,
			);
			path = UIKitAnimationTests;
			sourceTree = "<group>";
		};
		3F5D63BE1A0CA15800454947 /* Supporting Files */ = {
			isa = PBXGroup;
			children = (
				3F5D63BF1A0CA15800454947 /* Info.plist */,
			);
			name = "Supporting Files";
			sourceTree = "<group>";
		};
/* End PBXGroup section */

/* Begin PBXNativeTarget section */
		3F5D63A11A0CA15800454947 /* UIKitAnimation */ = {
			isa = PBXNativeTarget;
			buildConfigurationList = 3F5D63C41A0CA15800454947 /* Build configuration list for PBXNativeTarget "UIKitAnimation" */;
			buildPhases = (
				3F5D639E1A0CA15800454947 /* Sources */,
				3F5D639F1A0CA15800454947 /* Frameworks */,
				3F5D63A01A0CA15800454947 /* Resources */,
			);
			buildRules = (
			);
			dependencies = (
			);
			name = UIKitAnimation;
			productName = UIKitAnimation;
			productReference = 3F5D63A21A0CA15800454947 /* UIKitAnimation.app */;
			productType = "com.apple.product-type.application";
		};
		3F5D63B91A0CA15800454947 /* UIKitAnimationTests */ = {
			isa = PBXNativeTarget;
			buildConfigurationList = 3F5D63C71A0CA15800454947 /* Build configuration list for PBXNativeTarget "UIKitAnimationTests" */;
			buildPhases = (
				3F5D63B61A0CA15800454947 /* Sources */,
				3F5D63B71A0CA15800454947 /* Frameworks */,
				3F5D63B81A0CA15800454947 /* Resources */,
			);
			buildRules = (
			);
			dependencies = (
				3F5D63BC1A0CA15800454947 /* PBXTargetDependency */,
			);
			name = UIKitAnimationTests;
			productName = UIKitAnimationTests;
			productReference = 3F5D63BA1A0CA15800454947 /* UIKitAnimationTests.xctest */;
			productType = "com.apple.product-type.bundle.unit-test";
		};
/* End PBXNativeTarget section */

/* Begin PBXProject section */
		3F5D639A1A0CA15800454947 /* Project object */ = {
			isa = PBXProject;
			attributes = {
				LastUpgradeCheck = 0600;
				ORGANIZATIONNAME = student;
				TargetAttributes = {
					3F5D63A11A0CA15800454947 = {
						CreatedOnToolsVersion = 6.0;
					};
					3F5D63B91A0CA15800454947 = {
						CreatedOnToolsVersion = 6.0;
						TestTargetID = 3F5D63A11A0CA15800454947;
					};
				};
			};
			buildConfigurationList = 3F5D639D1A0CA15800454947 /* Build configuration list for PBXProject "UIKitAnimation" */;
			compatibilityVersion = "Xcode 3.2";
			developmentRegion = English;
			hasScannedForEncodings = 0;
			knownRegions = (
				en,
				Base,
			);
			mainGroup = 3F5D63991A0CA15800454947;
			productRefGroup = 3F5D63A31A0CA15800454947 /* Products */;
			projectDirPath = "";
			projectRoot = "";
			targets = (
				3F5D63A11A0CA15800454947 /* UIKitAnimation */,
				3F5D63B91A0CA15800454947 /* UIKitAnimationTests */,
			);
		};
/* End PBXProject section */

/* Begin PBXResourcesBuildPhase section */
		3F5D63A01A0CA15800454947 /* Resources */ = {
			isa = PBXResourcesBuildPhase;
			buildActionMask = 2147483647;
			files = (
				3F5D63B01A0CA15800454947 /* Main.storyboard in Resources */,
				3F5D63B51A0CA15800454947 /* LaunchScreen.xib in Resources */,
				3F5D63B21A0CA15800454947 /* Images.xcassets in Resources */,
			);
			runOnlyForDeploymentPostprocessing = 0;
		};
		3F5D63B81A0CA15800454947 /* Resources */ = {
			isa = PBXResourcesBuildPhase;
			buildActionMask = 2147483647;
			files = (
			);
			runOnlyForDeploymentPostprocessing = 0;
		};
/* End PBXResourcesBuildPhase section */

/* Begin PBXSourcesBuildPhase section */
		3F5D639E1A0CA15800454947 /* Sources */ = {
			isa = PBXSourcesBuildPhase;
			buildActionMask = 2147483647;
			files = (
				3F5D63AD1A0CA15800454947 /* ViewController.swift in Sources */,
				3F5D63A81A0CA15800454947 /* AppDelegate.swift in Sources */,
				3F5D63AB1A0CA15800454947 /* UIKitAnimation.xcdatamodeld in Sources */,
			);
			runOnlyForDeploymentPostprocessing = 0;
		};
		3F5D63B61A0CA15800454947 /* Sources */ = {
			isa = PBXSourcesBuildPhase;
			buildActionMask = 2147483647;
			files = (
				3F5D63C11A0CA15800454947 /* UIKitAnimationTests.swift in Sources */,
			);
			runOnlyForDeploymentPostprocessing = 0;
		};
/* End PBXSourcesBuildPhase section */

/* Begin PBXTargetDependency section */
		3F5D63BC1A0CA15800454947 /* PBXTargetDependency */ = {
			isa = PBXTargetDependency;
			target = 3F5D63A11A0CA15800454947 /* UIKitAnimation */;
			targetProxy = 3F5D63BB1A0CA15800454947 /* PBXContainerItemProxy */;
		};
/* End PBXTargetDependency section */

/* Begin PBXVariantGroup section */
		3F5D63AE1A0CA15800454947 /* Main.storyboard */ = {
			isa = PBXVariantGroup;
			children = (
				3F5D63AF1A0CA15800454947 /* Base */,
			);
			name = Main.storyboard;
			sourceTree = "<group>";
		};
		3F5D63B31A0CA15800454947 /* LaunchScreen.xib */ = {
			isa = PBXVariantGroup;
			children = (
				3F5D63B41A0CA15800454947 /* Base */,
			);
			name = LaunchScreen.xib;
			sourceTree = "<group>";
		};
/* End PBXVariantGroup section */

/* Begin XCBuildConfiguration section */
		3F5D63C21A0CA15800454947 /* Debug */ = {
			isa = XCBuildConfiguration;
			buildSettings = {
				ALWAYS_SEARCH_USER_PATHS = NO;
				CLANG_CXX_LANGUAGE_STANDARD = "gnu++0x";
				CLANG_CXX_LIBRARY = "libc++";
				CLANG_ENABLE_MODULES = YES;
				CLANG_ENABLE_OBJC_ARC = YES;
				CLANG_WARN_BOOL_CONVERSION = YES;
				CLANG_WARN_CONSTANT_CONVERSION = YES;
				CLANG_WARN_DIRECT_OBJC_ISA_USAGE = YES_ERROR;
				CLANG_WARN_EMPTY_BODY = YES;
				CLANG_WARN_ENUM_CONVERSION = YES;
				CLANG_WARN_INT_CONVERSION = YES;
				CLANG_WARN_OBJC_ROOT_CLASS = YES_ERROR;
				CLANG_WARN_UNREACHABLE_CODE = YES;
				CLANG_WARN__DUPLICATE_METHOD_MATCH = YES;
				"CODE_SIGN_IDENTITY[sdk=iphoneos*]" = "iPhone Developer";
				COPY_PHASE_STRIP = NO;
				ENABLE_STRICT_OBJC_MSGSEND = YES;
				GCC_C_LANGUAGE_STANDARD = gnu99;
				GCC_DYNAMIC_NO_PIC = NO;
				GCC_OPTIMIZATION_LEVEL = 0;
				GCC_PREPROCESSOR_DEFINITIONS = (
					"DEBUG=1",
					"$(inherited)",
				);
				GCC_SYMBOLS_PRIVATE_EXTERN = NO;
				GCC_WARN_64_TO_32_BIT_CONVERSION = YES;
				GCC_WARN_ABOUT_RETURN_TYPE = YES_ERROR;
				GCC_WARN_UNDECLARED_SELECTOR = YES;
				GCC_WARN_UNINITIALIZED_AUTOS = YES_AGGRESSIVE;
				GCC_WARN_UNUSED_FUNCTION = YES;
				GCC_WARN_UNUSED_VARIABLE = YES;
				IPHONEOS_DEPLOYMENT_TARGET = 8.0;
				MTL_ENABLE_DEBUG_INFO = YES;
				ONLY_ACTIVE_ARCH = YES;
				SDKROOT = iphoneos;
				SWIFT_OPTIMIZATION_LEVEL = "-Onone";
			};
			name = Debug;
		};
		3F5D63C31A0CA15800454947 /* Release */ = {
			isa = XCBuildConfiguration;
			buildSettings = {
				ALWAYS_SEARCH_USER_PATHS = NO;
				CLANG_CXX_LANGUAGE_STANDARD = "gnu++0x";
				CLANG_CXX_LIBRARY = "libc++";
				CLANG_ENABLE_MODULES = YES;
				CLANG_ENABLE_OBJC_ARC = YES;
				CLANG_WARN_BOOL_CONVERSION = YES;
				CLANG_WARN_CONSTANT_CONVERSION = YES;
				CLANG_WARN_DIRECT_OBJC_ISA_USAGE = YES_ERROR;
				CLANG_WARN_EMPTY_BODY = YES;
				CLANG_WARN_ENUM_CONVERSION = YES;
				CLANG_WARN_INT_CONVERSION = YES;
				CLANG_WARN_OBJC_ROOT_CLASS = YES_ERROR;
				CLANG_WARN_UNREACHABLE_CODE = YES;
				CLANG_WARN__DUPLICATE_METHOD_MATCH = YES;
				"CODE_SIGN_IDENTITY[sdk=iphoneos*]" = "iPhone Developer";
				COPY_PHASE_STRIP = YES;
				ENABLE_NS_ASSERTIONS = NO;
				ENABLE_STRICT_OBJC_MSGSEND = YES;
				GCC_C_LANGUAGE_STANDARD = gnu99;
				GCC_WARN_64_TO_32_BIT_CONVERSION = YES;
				GCC_WARN_ABOUT_RETURN_TYPE = YES_ERROR;
				GCC_WARN_UNDECLARED_SELECTOR = YES;
				GCC_WARN_UNINITIALIZED_AUTOS = YES_AGGRESSIVE;
				GCC_WARN_UNUSED_FUNCTION = YES;
				GCC_WARN_UNUSED_VARIABLE = YES;
				IPHONEOS_DEPLOYMENT_TARGET = 8.0;
				MTL_ENABLE_DEBUG_INFO = NO;
				SDKROOT = iphoneos;
				VALIDATE_PRODUCT = YES;
			};
			name = Release;
		};
		3F5D63C51A0CA15800454947 /* Debug */ = {
			isa = XCBuildConfiguration;
			buildSettings = {
				ASSETCATALOG_COMPILER_APPICON_NAME = AppIcon;
				INFOPLIST_FILE = UIKitAnimation/Info.plist;
				LD_RUNPATH_SEARCH_PATHS = "$(inherited) @executable_path/Frameworks";
				PRODUCT_NAME = "$(TARGET_NAME)";
			};
			name = Debug;
		};
		3F5D63C61A0CA15800454947 /* Release */ = {
			isa = XCBuildConfiguration;
			buildSettings = {
				ASSETCATALOG_COMPILER_APPICON_NAME = AppIcon;
				INFOPLIST_FILE = UIKitAnimation/Info.plist;
				LD_RUNPATH_SEARCH_PATHS = "$(inherited) @executable_path/Frameworks";
				PRODUCT_NAME = "$(TARGET_NAME)";
			};
			name = Release;
		};
		3F5D63C81A0CA15800454947 /* Debug */ = {
			isa = XCBuildConfiguration;
			buildSettings = {
				BUNDLE_LOADER = "$(TEST_HOST)";
				FRAMEWORK_SEARCH_PATHS = (
					"$(SDKROOT)/Developer/Library/Frameworks",
					"$(inherited)",
				);
				GCC_PREPROCESSOR_DEFINITIONS = (
					"DEBUG=1",
					"$(inherited)",
				);
				INFOPLIST_FILE = UIKitAnimationTests/Info.plist;
				LD_RUNPATH_SEARCH_PATHS = "$(inherited) @executable_path/Frameworks @loader_path/Frameworks";
				PRODUCT_NAME = "$(TARGET_NAME)";
				TEST_HOST = "$(BUILT_PRODUCTS_DIR)/UIKitAnimation.app/UIKitAnimation";
			};
			name = Debug;
		};
		3F5D63C91A0CA15800454947 /* Release */ = {
			isa = XCBuildConfiguration;
			buildSettings = {
				BUNDLE_LOADER = "$(TEST_HOST)";
				FRAMEWORK_SEARCH_PATHS = (
					"$(SDKROOT)/Developer/Library/Frameworks",
					"$(inherited)",
				);
				INFOPLIST_FILE = UIKitAnimationTests/Info.plist;
				LD_RUNPATH_SEARCH_PATHS = "$(inherited) @executable_path/Frameworks @loader_path/Frameworks";
				PRODUCT_NAME = "$(TARGET_NAME)";
				TEST_HOST = "$(BUILT_PRODUCTS_DIR)/UIKitAnimation.app/UIKitAnimation";
			};
			name = Release;
		};
/* End XCBuildConfiguration section */

/* Begin XCConfigurationList section */
		3F5D639D1A0CA15800454947 /* Build configuration list for PBXProject "UIKitAnimation" */ = {
			isa = XCConfigurationList;
			buildConfigurations = (
				3F5D63C21A0CA15800454947 /* Debug */,
				3F5D63C31A0CA15800454947 /* Release */,
			);
			defaultConfigurationIsVisible = 0;
			defaultConfigurationName = Release;
		};
		3F5D63C41A0CA15800454947 /* Build configuration list for PBXNativeTarget "UIKitAnimation" */ = {
			isa = XCConfigurationList;
			buildConfigurations = (
				3F5D63C51A0CA15800454947 /* Debug */,
				3F5D63C61A0CA15800454947 /* Release */,
			);
			defaultConfigurationIsVisible = 0;
		};
		3F5D63C71A0CA15800454947 /* Build configuration list for PBXNativeTarget "UIKitAnimationTests" */ = {
			isa = XCConfigurationList;
			buildConfigurations = (
				3F5D63C81A0CA15800454947 /* Debug */,
				3F5D63C91A0CA15800454947 /* Release */,
			);
			defaultConfigurationIsVisible = 0;
		};
/* End XCConfigurationList section */

/* Begin XCVersionGroup section */
		3F5D63A91A0CA15800454947 /* UIKitAnimation.xcdatamodeld */ = {
			isa = XCVersionGroup;
			children = (
				3F5D63AA1A0CA15800454947 /* UIKitAnimation.xcdatamodel */,
			);
			currentVersion = 3F5D63AA1A0CA15800454947 /* UIKitAnimation.xcdatamodel */;
			path = UIKitAnimation.xcdatamodeld;
			sourceTree = "<group>";
			versionGroupType = wrapper.xcdatamodel;
		};
/* End XCVersionGroup section */
	};
	rootObject = 3F5D639A1A0CA15800454947 /* Project object */;
}
